Microsoft Visual Studio Solution File, Format Version 12.00
# Visual Studio Version 17
VisualStudioVersion = 17.5.2.0
MinimumVisualStudioVersion = 10.0.40219.1
Project("{FAE04EC0-301F-11D3-BF4B-00C04F79EFBC}") = "lab13", "lab13.csproj", "{CF23A187-E92F-9E4C-851C-397318AAECF7}"
EndProject
Global
	GlobalSection(SolutionConfigurationPlatforms) = preSolution
		Debug|Any CPU = Debug|Any CPU
		Release|Any CPU = Release|Any CPU
	EndGlobalSection
	GlobalSection(ProjectConfigurationPlatforms) = postSolution
		{CF23A187-E92F-9E4C-851C-397318AAECF7}.Debug|Any CPU.ActiveCfg = Debug|Any CPU
		{CF23A187-E92F-9E4C-851C-397318AAECF7}.Debug|Any CPU.Build.0 = Debug|Any CPU
		{CF23A187-E92F-9E4C-851C-397318AAECF7}.Release|Any CPU.ActiveCfg = Release|Any CPU
		{CF23A187-E92F-9E4C-851C-397318AAECF7}.Release|Any CPU.Build.0 = Release|Any CPU
	EndGlobalSection
	GlobalSection(SolutionProperties) = preSolution
		HideSolutionNode = FALSE
	EndGlobalSection
	GlobalSection(ExtensibilityGlobals) = postSolution
		SolutionGuid = {A4DAE400-7B57-47DE-84C5-E50C42B84380}
	EndGlobalSection
EndGlobal
